<?xml version="1.0" encoding="utf-8"?>
<Project ToolsVersion="4.0" xmlns="http://schemas.microsoft.com/developer/msbuild/2003">
  <ItemGroup>
    <ClCompile Include="Libraries\stb_image\Include\stb_image\stb_image.cpp" />
    <ClCompile Include="Source\Core\GameComponent.cpp" />
    <ClCompile Include="Source\Core\GameObject.cpp" />
    <ClCompile Include="Source\Core\Transform.cpp" />
    <ClCompile Include="Source\Core\Engine.cpp" />
    <ClCompile Include="Source\Core\Input.cpp" />
    <ClCompile Include="Source\Core\World.cpp" />
    <ClCompile Include="Source\Test\TestGame.cpp" />
    <ClCompile Include="Source\Test\CameraController.cpp" />
    <ClCompile Include="Source\Test\CopyTransform.h" />
    <ClCompile Include="Source\Components\Camera.cpp" />
    <ClCompile Include="Source\Components\Light.cpp" />
    <ClCompile Include="Source\Math\Matrix4.cpp" />
    <ClCompile Include="Source\Math\Vector2.cpp" />
    <ClCompile Include="Source\Math\Vector3.cpp" />
    <ClCompile Include="Source\Math\Math.cpp" />
    <ClCompile Include="Source\Rendering\RenderingEngine.cpp" />
    <ClCompile Include="Source\Components\Mesh.cpp" />
    <ClCompile Include="Source\Test\Rotate.h" />
    <ClCompile Include="Source\Rendering\Shader.cpp" />
    <ClCompile Include="Source\Rendering\Texture.cpp" />
    <ClCompile Include="Source\Rendering\VertexArray.cpp" />
    <ClCompile Include="Source\Rendering\VertexBuffer.cpp" />
    <ClCompile Include="Source\Utils\Log.cpp" />
    <ClCompile Include="Source\Window\Window.cpp" />
    <ClCompile Include="Source\Test\Main.cpp" />
    <ClCompile Include="Source\Test\MoveController.cpp" />
    <ClCompile Include="Source\Math\Quaternion.cpp" />
    <ClCompile Include="Source\Rendering\Text\TextRenderer.cpp" />
    <ClCompile Include="Source\Components\GUIText.cpp" />
    <ClCompile Include="Source\Rendering\Text\Font.cpp" />
    <ClCompile Include="Source\Rendering\Text\TextMeshData.cpp" />
    <ClCompile Include="Source\ResourceManagement\ResourceManager.cpp" />
    <ClCompile Include="Source\ResourceManagement\FontLoader.cpp" />
    <ClCompile Include="Libraries\imgui\Include\imgui\imgui.cpp" />
    <ClCompile Include="Libraries\imgui\Include\imgui\imgui_demo.cpp" />
    <ClCompile Include="Libraries\imgui\Include\imgui\imgui_draw.cpp" />
    <ClCompile Include="Libraries\imgui\Include\imgui\imgui_impl_glfw_gl3.cpp" />
    <ClCompile Include="Source\Logging\VisualLogger.cpp" />
  </ItemGroup>
  <ItemGroup>
    <None Include="Resources\Shaders\Basic-fs.shader" />
    <None Include="Resources\Shaders\Basic-vs.shader" />
    <None Include="Resources\Shaders\Mesh-vs.shader" />
    <None Include="Resources\Shaders\Mesh-fs.shader" />
    <None Include="Resources\Shaders\Phong-vs.shader" />
    <None Include="Resources\Shaders\Phong-fs.shader" />
    <None Include="Resources\Shaders\Forward\Ambient-vs.shader" />
    <None Include="Resources\Shaders\Forward\Ambient-fs.shader" />
    <None Include="Resources\Shaders\Forward\Directional-vs.shader" />
    <None Include="Resources\Shaders\Forward\Directional-fs.shader" />
    <None Include="Resources\Shaders\Forward\Point-vs.shader" />
    <None Include="Resources\Shaders\Forward\Point-fs.shader" />
    <None Include="Resources\Shaders\Forward\Spot-vs.shader" />
    <None Include="Resources\Shaders\Forward\Spot-fs.shader" />
    <None Include="Resources\Shaders\Text\SDF-fs.shader" />
    <None Include="Resources\Shaders\Text\SDF-vs.shader" />
    <None Include="Resources\Shaders\Test\test-fs.shader" />
    <None Include="Resources\Shaders\Test\test-vs.shader" />
  </ItemGroup>
  <ItemGroup>
    <ClInclude Include="Libraries\stb_image\Include\stb_image\stb_image.h" />
    <ClInclude Include="Source\Core\GameComponent.h" />
    <ClInclude Include="Source\Core\GameObject.h" />
    <ClInclude Include="Source\Core\Game.h" />
    <ClInclude Include="Source\Core\Transform.h" />
    <ClInclude Include="Source\Core\Engine.h" />
    <ClInclude Include="Source\Core\Input.h" />
    <ClInclude Include="Source\Core\World.h" />
    <ClInclude Include="Source\Test\TestGame.h" />
    <ClInclude Include="Source\Test\CameraController.h" />
    <ClInclude Include="Source\Components\Camera.h" />
    <ClInclude Include="Source\Components\Light.h" />
    <ClInclude Include="Source\Math\Matrix4.h" />
    <ClInclude Include="Source\Math\Vector2.h" />
    <ClInclude Include="Source\Math\Vector3.h" />
    <ClInclude Include="Source\Math\Math.h" />
    <ClInclude Include="Source\Rendering\RenderingEngine.h" />
    <ClInclude Include="Source\Components\Mesh.h" />
    <ClInclude Include="Source\Rendering\Shader.h" />
    <ClInclude Include="Source\Rendering\Texture.h" />
    <ClInclude Include="Source\Rendering\VertexArray.h" />
    <ClInclude Include="Source\Rendering\VertexBuffer.h" />
    <ClInclude Include="Source\Rendering\Material.h" />
    <ClInclude Include="Source\Utils\Log.h" />
    <ClInclude Include="Source\Utils\String.h" />
    <ClInclude Include="Source\Window\Window.h" />
    <ClInclude Include="Source\Test\MoveController.h" />
    <ClInclude Include="Source\Math\Quaternion.h" />
    <ClInclude Include="Source\Rendering\Text\TextRenderer.h" />
    <ClInclude Include="Source\Components\GUIText.h" />
    <ClInclude Include="Source\Rendering\Text\Font.h" />
    <ClInclude Include="Source\Rendering\Text\TextMeshData.h" />
    <ClInclude Include="Source\ResourceManagement\ResourceManager.h" />
    <ClInclude Include="Source\ResourceManagement\FontLoader.h" />
    <ClInclude Include="Libraries\imgui\Include\imgui\imconfig.h" />
    <ClInclude Include="Libraries\imgui\Include\imgui\imgui.h" />
    <ClInclude Include="Libraries\imgui\Include\imgui\imgui_impl_glfw_gl3.h" />
    <ClInclude Include="Libraries\imgui\Include\imgui\imgui_internal.h" />
    <ClInclude Include="Libraries\imgui\Include\imgui\stb_rect_pack.h" />
    <ClInclude Include="Libraries\imgui\Include\imgui\stb_textedit.h" />
    <ClInclude Include="Libraries\imgui\Include\imgui\stb_truetype.h" />
    <ClInclude Include="Source\Logging\VisualLogger.h" />
  </ItemGroup>
</Project>